
Microsoft Visual Studio Solution File, Format Version 12.00
Project("{FAE04EC0-301F-11D3-BF4B-00C04F79EFBC}") = "_build", "_build\_build.csproj", "{1389CDD8-0C2E-42A9-9FDB-0950893D1D76}"
EndProject
Project("{2150E333-8FDC-42A3-9474-1A3956D46DE8}") = "src", "src", "{53EC6C8F-493B-4116-85D1-0AA416FF59DE}"
EndProject
Project("{FAE04EC0-301F-11D3-BF4B-00C04F79EFBC}") = "Backdash", "src\Backdash\Backdash.csproj", "{ACA10360-5A71-4D34-8497-F93AFC7513FC}"
EndProject
Project("{2150E333-8FDC-42A3-9474-1A3956D46DE8}") = "tests", "tests", "{59B7ED54-BE47-4A60-A4BB-532AAE6BE6AE}"
EndProject
Project("{FAE04EC0-301F-11D3-BF4B-00C04F79EFBC}") = "Backdash.Tests", "tests\Backdash.Tests\Backdash.Tests.csproj", "{F578F51B-2E4C-4421-A40B-342C4DFFBD66}"
EndProject
Project("{FAE04EC0-301F-11D3-BF4B-00C04F79EFBC}") = "Backdash.Utils", "src\Backdash.Utils\Backdash.Utils.csproj", "{BA97CA2F-E2BB-40FE-9911-FCBD620A8D96}"
EndProject
Project("{FAE04EC0-301F-11D3-BF4B-00C04F79EFBC}") = "Backdash.Analyzers", "src\Backdash.Analyzers\Backdash.Analyzers.csproj", "{FD3F38F9-3D7B-4D8E-ABE7-81A78D6309BA}"
EndProject
Global
	GlobalSection(SolutionConfigurationPlatforms) = preSolution
		Debug|Any CPU = Debug|Any CPU
		Release|Any CPU = Release|Any CPU
	EndGlobalSection
	GlobalSection(ProjectConfigurationPlatforms) = postSolution
		{1389CDD8-0C2E-42A9-9FDB-0950893D1D76}.Debug|Any CPU.ActiveCfg = Debug|Any CPU
		{1389CDD8-0C2E-42A9-9FDB-0950893D1D76}.Release|Any CPU.ActiveCfg = Release|Any CPU
		{ACA10360-5A71-4D34-8497-F93AFC7513FC}.Debug|Any CPU.ActiveCfg = Debug|Any CPU
		{ACA10360-5A71-4D34-8497-F93AFC7513FC}.Debug|Any CPU.Build.0 = Debug|Any CPU
		{ACA10360-5A71-4D34-8497-F93AFC7513FC}.Release|Any CPU.ActiveCfg = Release|Any CPU
		{ACA10360-5A71-4D34-8497-F93AFC7513FC}.Release|Any CPU.Build.0 = Release|Any CPU
		{F578F51B-2E4C-4421-A40B-342C4DFFBD66}.Debug|Any CPU.ActiveCfg = Debug|Any CPU
		{F578F51B-2E4C-4421-A40B-342C4DFFBD66}.Debug|Any CPU.Build.0 = Debug|Any CPU
		{F578F51B-2E4C-4421-A40B-342C4DFFBD66}.Release|Any CPU.ActiveCfg = Release|Any CPU
		{F578F51B-2E4C-4421-A40B-342C4DFFBD66}.Release|Any CPU.Build.0 = Release|Any CPU
		{BA97CA2F-E2BB-40FE-9911-FCBD620A8D96}.Debug|Any CPU.ActiveCfg = Debug|Any CPU
		{BA97CA2F-E2BB-40FE-9911-FCBD620A8D96}.Debug|Any CPU.Build.0 = Debug|Any CPU
		{BA97CA2F-E2BB-40FE-9911-FCBD620A8D96}.Release|Any CPU.ActiveCfg = Release|Any CPU
		{BA97CA2F-E2BB-40FE-9911-FCBD620A8D96}.Release|Any CPU.Build.0 = Release|Any CPU
		{FD3F38F9-3D7B-4D8E-ABE7-81A78D6309BA}.Debug|Any CPU.ActiveCfg = Debug|Any CPU
		{FD3F38F9-3D7B-4D8E-ABE7-81A78D6309BA}.Debug|Any CPU.Build.0 = Debug|Any CPU
		{FD3F38F9-3D7B-4D8E-ABE7-81A78D6309BA}.Release|Any CPU.ActiveCfg = Release|Any CPU
		{FD3F38F9-3D7B-4D8E-ABE7-81A78D6309BA}.Release|Any CPU.Build.0 = Release|Any CPU
	EndGlobalSection
	GlobalSection(NestedProjects) = preSolution
		{ACA10360-5A71-4D34-8497-F93AFC7513FC} = {53EC6C8F-493B-4116-85D1-0AA416FF59DE}
		{F578F51B-2E4C-4421-A40B-342C4DFFBD66} = {59B7ED54-BE47-4A60-A4BB-532AAE6BE6AE}
		{BA97CA2F-E2BB-40FE-9911-FCBD620A8D96} = {53EC6C8F-493B-4116-85D1-0AA416FF59DE}
		{FD3F38F9-3D7B-4D8E-ABE7-81A78D6309BA} = {53EC6C8F-493B-4116-85D1-0AA416FF59DE}
	EndGlobalSection
EndGlobal
