
Microsoft Visual Studio Solution File, Format Version 12.00
Project("{FAE04EC0-301F-11D3-BF4B-00C04F79EFBC}") = "nGGPO", "nGGPO\nGGPO.csproj", "{AD5CDAF2-66B9-4434-ADD8-80BB3748F9C9}"
EndProject
Project("{FAE04EC0-301F-11D3-BF4B-00C04F79EFBC}") = "nGGPO.Playground", "nGGPO.Playground\nGGPO.Playground.csproj", "{6120AAF5-FD8F-4D5C-A993-A3FFA8E4E8A3}"
EndProject
Project("{FAE04EC0-301F-11D3-BF4B-00C04F79EFBC}") = "nGGPO.Tests", "nGGPO.Tests\nGGPO.Tests.csproj", "{11989C5D-AF11-49B9-A8AD-1D21482B5A68}"
EndProject
Project("{FAE04EC0-301F-11D3-BF4B-00C04F79EFBC}") = "nGGPO.TestApp", "nGGPO.TestApp\nGGPO.TestApp.csproj", "{5CED0E41-5FA2-4555-A0A3-A2E24FAADC37}"
EndProject
Global
	GlobalSection(SolutionConfigurationPlatforms) = preSolution
		Debug|Any CPU = Debug|Any CPU
		Release|Any CPU = Release|Any CPU
	EndGlobalSection
	GlobalSection(ProjectConfigurationPlatforms) = postSolution
		{AD5CDAF2-66B9-4434-ADD8-80BB3748F9C9}.Debug|Any CPU.ActiveCfg = Debug|Any CPU
		{AD5CDAF2-66B9-4434-ADD8-80BB3748F9C9}.Debug|Any CPU.Build.0 = Debug|Any CPU
		{AD5CDAF2-66B9-4434-ADD8-80BB3748F9C9}.Release|Any CPU.ActiveCfg = Release|Any CPU
		{AD5CDAF2-66B9-4434-ADD8-80BB3748F9C9}.Release|Any CPU.Build.0 = Release|Any CPU
		{6120AAF5-FD8F-4D5C-A993-A3FFA8E4E8A3}.Debug|Any CPU.ActiveCfg = Debug|Any CPU
		{6120AAF5-FD8F-4D5C-A993-A3FFA8E4E8A3}.Debug|Any CPU.Build.0 = Debug|Any CPU
		{6120AAF5-FD8F-4D5C-A993-A3FFA8E4E8A3}.Release|Any CPU.ActiveCfg = Release|Any CPU
		{6120AAF5-FD8F-4D5C-A993-A3FFA8E4E8A3}.Release|Any CPU.Build.0 = Release|Any CPU
		{11989C5D-AF11-49B9-A8AD-1D21482B5A68}.Debug|Any CPU.ActiveCfg = Debug|Any CPU
		{11989C5D-AF11-49B9-A8AD-1D21482B5A68}.Debug|Any CPU.Build.0 = Debug|Any CPU
		{11989C5D-AF11-49B9-A8AD-1D21482B5A68}.Release|Any CPU.ActiveCfg = Release|Any CPU
		{11989C5D-AF11-49B9-A8AD-1D21482B5A68}.Release|Any CPU.Build.0 = Release|Any CPU
		{5CED0E41-5FA2-4555-A0A3-A2E24FAADC37}.Debug|Any CPU.ActiveCfg = Debug|Any CPU
		{5CED0E41-5FA2-4555-A0A3-A2E24FAADC37}.Debug|Any CPU.Build.0 = Debug|Any CPU
		{5CED0E41-5FA2-4555-A0A3-A2E24FAADC37}.Release|Any CPU.ActiveCfg = Release|Any CPU
		{5CED0E41-5FA2-4555-A0A3-A2E24FAADC37}.Release|Any CPU.Build.0 = Release|Any CPU
	EndGlobalSection
EndGlobal
